
Microsoft Visual Studio Solution File, Format Version 12.00
# Visual Studio 15
VisualStudioVersion = 15.0.27703.2000
MinimumVisualStudioVersion = 10.0.40219.1
Project("{FAE04EC0-301F-11D3-BF4B-00C04F79EFBC}") = "Library", "Library\Library.csproj", "{37693DB8-CD50-4B07-A8C3-D65CB227C57F}"
EndProject
Project("{FAE04EC0-301F-11D3-BF4B-00C04F79EFBC}") = "WebLibrary", "WebLibrary\WebLibrary.csproj", "{E864C776-77EC-4826-8C87-1508B18E29C0}"
EndProject
Global
	GlobalSection(SolutionConfigurationPlatforms) = preSolution
		Debug|Any CPU = Debug|Any CPU
		Release|Any CPU = Release|Any CPU
	EndGlobalSection
	GlobalSection(ProjectConfigurationPlatforms) = postSolution
		{37693DB8-CD50-4B07-A8C3-D65CB227C57F}.Debug|Any CPU.ActiveCfg = Debug|Any CPU
		{37693DB8-CD50-4B07-A8C3-D65CB227C57F}.Debug|Any CPU.Build.0 = Debug|Any CPU
		{37693DB8-CD50-4B07-A8C3-D65CB227C57F}.Release|Any CPU.ActiveCfg = Release|Any CPU
		{37693DB8-CD50-4B07-A8C3-D65CB227C57F}.Release|Any CPU.Build.0 = Release|Any CPU
		{E864C776-77EC-4826-8C87-1508B18E29C0}.Debug|Any CPU.ActiveCfg = Debug|Any CPU
		{E864C776-77EC-4826-8C87-1508B18E29C0}.Debug|Any CPU.Build.0 = Debug|Any CPU
		{E864C776-77EC-4826-8C87-1508B18E29C0}.Release|Any CPU.ActiveCfg = Release|Any CPU
		{E864C776-77EC-4826-8C87-1508B18E29C0}.Release|Any CPU.Build.0 = Release|Any CPU
	EndGlobalSection
	GlobalSection(SolutionProperties) = preSolution
		HideSolutionNode = FALSE
	EndGlobalSection
	GlobalSection(ExtensibilityGlobals) = postSolution
		SolutionGuid = {6E916943-679F-45DD-A35C-6BEECDEB1477}
	EndGlobalSection
EndGlobal
